
Microsoft Visual Studio Solution File, Format Version 12.00
# Visual Studio 2015
Project("{FAE04EC0-301F-11D3-BF4B-00C04F79EFBC}") = "Kickstart.CSharp", "Kickstart.CSharp.csproj", "{A7306940-FD12-3F4E-961F-C3D95D826DAA}"
EndProject
Global
	GlobalSection(SolutionConfigurationPlatforms) = preSolution
		Debug|Any CPU = Debug|Any CPU
		Release|Any CPU = Release|Any CPU
	EndGlobalSection
	GlobalSection(ProjectConfigurationPlatforms) = postSolution
		{A7306940-FD12-3F4E-961F-C3D95D826DAA}.Debug|Any CPU.ActiveCfg = Debug|Any CPU
		{A7306940-FD12-3F4E-961F-C3D95D826DAA}.Debug|Any CPU.Build.0 = Debug|Any CPU
		{A7306940-FD12-3F4E-961F-C3D95D826DAA}.Release|Any CPU.ActiveCfg = Release|Any CPU
		{A7306940-FD12-3F4E-961F-C3D95D826DAA}.Release|Any CPU.Build.0 = Release|Any CPU
	EndGlobalSection
	GlobalSection(SolutionProperties) = preSolution
		HideSolutionNode = FALSE
	EndGlobalSection
EndGlobal
